<?xml version="1.0" encoding="utf-8"?>
<Project ToolsVersion="4.0" xmlns="http://schemas.microsoft.com/developer/msbuild/2003">
  <ItemGroup>
    <Filter Include="Pliki źródłowe">
      <UniqueIdentifier>{4FC737F1-C7A5-4376-A066-2A32D752A2FF}</UniqueIdentifier>
      <Extensions>cpp;c;cc;cxx;c++;def;odl;idl;hpj;bat;asm;asmx</Extensions>
    </Filter>
    <Filter Include="Pliki nagłówkowe">
      <UniqueIdentifier>{93995380-89BD-4b04-88EB-625FBE52EBFB}</UniqueIdentifier>
      <Extensions>h;hh;hpp;hxx;h++;hm;inl;inc;ipp;xsd</Extensions>
    </Filter>
    <Filter Include="Pliki zasobów">
      <UniqueIdentifier>{67DA6AB6-F800-4c08-8B7A-83BB121AAD01}</UniqueIdentifier>
      <Extensions>rc;ico;cur;bmp;dlg;rc2;rct;bin;rgs;gif;jpg;jpeg;jpe;resx;tiff;tif;png;wav;mfcribbon-ms</Extensions>
    </Filter>
    <Filter Include="Pliki zasobów\Textures">
      <UniqueIdentifier>{f0f16728-eff4-4628-9388-bca9cde6e680}</UniqueIdentifier>
    </Filter>
    <Filter Include="Pliki zasobów\Fonts">
      <UniqueIdentifier>{df2ceb70-5819-4b13-9ee5-71a168968d39}</UniqueIdentifier>
    </Filter>
  </ItemGroup>
  <ItemGroup>
    <ClCompile Include="src code\main.cpp">
      <Filter>Pliki źródłowe</Filter>
    </ClCompile>
    <ClCompile Include="src code\stdafx.cpp">
      <Filter>Pliki źródłowe</Filter>
    </ClCompile>
    <ClCompile Include="src code\Button.cpp">
      <Filter>Pliki źródłowe</Filter>
    </ClCompile>
    <ClCompile Include="src code\Set.cpp">
      <Filter>Pliki źródłowe</Filter>
    </ClCompile>
    <ClCompile Include="src code\SpeedModifier.cpp">
      <Filter>Pliki źródłowe</Filter>
    </ClCompile>
    <ClCompile Include="src code\Switch.cpp">
      <Filter>Pliki źródłowe</Filter>
    </ClCompile>
    <ClCompile Include="Src code\App.cpp">
      <Filter>Pliki źródłowe</Filter>
    </ClCompile>
  </ItemGroup>
  <ItemGroup>
    <ClInclude Include="src code\stdafx.h">
      <Filter>Pliki nagłówkowe</Filter>
    </ClInclude>
    <ClInclude Include="src code\Button.h">
      <Filter>Pliki nagłówkowe</Filter>
    </ClInclude>
    <ClInclude Include="src code\Set.h">
      <Filter>Pliki nagłówkowe</Filter>
    </ClInclude>
    <ClInclude Include="src code\SpeedModifier.h">
      <Filter>Pliki nagłówkowe</Filter>
    </ClInclude>
    <ClInclude Include="src code\Switch.h">
      <Filter>Pliki nagłówkowe</Filter>
    </ClInclude>
    <ClInclude Include="Src code\App.h">
      <Filter>Pliki nagłówkowe</Filter>
    </ClInclude>
  </ItemGroup>
  <ItemGroup>
    <Image Include="Resources\Textures\axis.png">
      <Filter>Pliki zasobów\Textures</Filter>
    </Image>
    <Image Include="Resources\Textures\axisHovered.png">
      <Filter>Pliki zasobów\Textures</Filter>
    </Image>
    <Image Include="Resources\Textures\axisPressed.png">
      <Filter>Pliki zasobów\Textures</Filter>
    </Image>
    <Image Include="Resources\Textures\handle.png">
      <Filter>Pliki zasobów\Textures</Filter>
    </Image>
    <Image Include="Resources\Textures\handleHovered.png">
      <Filter>Pliki zasobów\Textures</Filter>
    </Image>
    <Image Include="Resources\Textures\handlePressed.png">
      <Filter>Pliki zasobów\Textures</Filter>
    </Image>
    <Image Include="Resources\Textures\windowIcon.png">
      <Filter>Pliki zasobów\Textures</Filter>
    </Image>
  </ItemGroup>
  <ItemGroup>
    <Font Include="Resources\Fonts\Dosis-Light.ttf">
      <Filter>Pliki zasobów\Fonts</Filter>
    </Font>
    <Font Include="Resources\Fonts\Hetika.otf">
      <Filter>Pliki zasobów\Fonts</Filter>
    </Font>
  </ItemGroup>
</Project>